
Microsoft Visual Studio Solution File, Format Version 12.00
# Visual Studio Version 17
VisualStudioVersion = 17.11.35219.272
MinimumVisualStudioVersion = 10.0.40219.1
Project("{FAE04EC0-301F-11D3-BF4B-00C04F79EFBC}") = "QraphQl.Test", "QraphQl.Test\QraphQl.Test.csproj", "{CEB4DFE3-2993-4BD7-854B-0E2FFA9B199E}"
EndProject
Global
	GlobalSection(SolutionConfigurationPlatforms) = preSolution
		Debug|Any CPU = Debug|Any CPU
		Release|Any CPU = Release|Any CPU
	EndGlobalSection
	GlobalSection(ProjectConfigurationPlatforms) = postSolution
		{CEB4DFE3-2993-4BD7-854B-0E2FFA9B199E}.Debug|Any CPU.ActiveCfg = Debug|Any CPU
		{CEB4DFE3-2993-4BD7-854B-0E2FFA9B199E}.Debug|Any CPU.Build.0 = Debug|Any CPU
		{CEB4DFE3-2993-4BD7-854B-0E2FFA9B199E}.Release|Any CPU.ActiveCfg = Release|Any CPU
		{CEB4DFE3-2993-4BD7-854B-0E2FFA9B199E}.Release|Any CPU.Build.0 = Release|Any CPU
	EndGlobalSection
	GlobalSection(SolutionProperties) = preSolution
		HideSolutionNode = FALSE
	EndGlobalSection
	GlobalSection(ExtensibilityGlobals) = postSolution
		SolutionGuid = {4DBE4046-8348-41C3-B8D2-22128FE0C366}
	EndGlobalSection
EndGlobal
